
Microsoft Visual Studio Solution File, Format Version 12.00
# Visual Studio Version 17
VisualStudioVersion = 17.13.35806.99
MinimumVisualStudioVersion = 10.0.40219.1
Project("{FAE04EC0-301F-11D3-BF4B-00C04F79EFBC}") = "IDEA_Holding_Test3", "IDEA_Holding_Test3\IDEA_Holding_Test3.csproj", "{C806D3BB-08AC-45D4-9F31-6E8BEA04BA65}"
EndProject
Global
	GlobalSection(SolutionConfigurationPlatforms) = preSolution
		Debug|Any CPU = Debug|Any CPU
		Release|Any CPU = Release|Any CPU
	EndGlobalSection
	GlobalSection(ProjectConfigurationPlatforms) = postSolution
		{C806D3BB-08AC-45D4-9F31-6E8BEA04BA65}.Debug|Any CPU.ActiveCfg = Debug|Any CPU
		{C806D3BB-08AC-45D4-9F31-6E8BEA04BA65}.Debug|Any CPU.Build.0 = Debug|Any CPU
		{C806D3BB-08AC-45D4-9F31-6E8BEA04BA65}.Release|Any CPU.ActiveCfg = Release|Any CPU
		{C806D3BB-08AC-45D4-9F31-6E8BEA04BA65}.Release|Any CPU.Build.0 = Release|Any CPU
	EndGlobalSection
	GlobalSection(SolutionProperties) = preSolution
		HideSolutionNode = FALSE
	EndGlobalSection
	GlobalSection(ExtensibilityGlobals) = postSolution
		SolutionGuid = {BE0CCAAE-B218-4AD4-B1B6-39C5495913D5}
	EndGlobalSection
EndGlobal
